
Microsoft Visual Studio Solution File, Format Version 12.00
# Visual Studio Version 16
VisualStudioVersion = 16.0.31702.278
MinimumVisualStudioVersion = 10.0.40219.1
Project("{FAE04EC0-301F-11D3-BF4B-00C04F79EFBC}") = "task123", "task123\task123.csproj", "{B3D4DFE0-5762-44BF-8673-0E3F6113794E}"
EndProject
Global
	GlobalSection(SolutionConfigurationPlatforms) = preSolution
		Debug|Any CPU = Debug|Any CPU
		Release|Any CPU = Release|Any CPU
	EndGlobalSection
	GlobalSection(ProjectConfigurationPlatforms) = postSolution
		{B3D4DFE0-5762-44BF-8673-0E3F6113794E}.Debug|Any CPU.ActiveCfg = Debug|Any CPU
		{B3D4DFE0-5762-44BF-8673-0E3F6113794E}.Debug|Any CPU.Build.0 = Debug|Any CPU
		{B3D4DFE0-5762-44BF-8673-0E3F6113794E}.Release|Any CPU.ActiveCfg = Release|Any CPU
		{B3D4DFE0-5762-44BF-8673-0E3F6113794E}.Release|Any CPU.Build.0 = Release|Any CPU
	EndGlobalSection
	GlobalSection(SolutionProperties) = preSolution
		HideSolutionNode = FALSE
	EndGlobalSection
	GlobalSection(ExtensibilityGlobals) = postSolution
		SolutionGuid = {C92F91E8-7FEC-42F8-A5AF-88CB2CE889A6}
	EndGlobalSection
EndGlobal
